
Microsoft Visual Studio Solution File, Format Version 12.00
# Visual Studio Version 17
VisualStudioVersion = 17.14.37216.2 d17.14
MinimumVisualStudioVersion = 10.0.40219.1
Project("{FAE04EC0-301F-11D3-BF4B-00C04F79EFBC}") = "EczaneTakipSistemi", "EczaneTakipSistemi\EczaneTakipSistemi.csproj", "{9CD36F9E-8270-45B9-9046-431B4ECA9163}"
EndProject
Global
	GlobalSection(SolutionConfigurationPlatforms) = preSolution
		Debug|Any CPU = Debug|Any CPU
		Release|Any CPU = Release|Any CPU
	EndGlobalSection
	GlobalSection(ProjectConfigurationPlatforms) = postSolution
		{9CD36F9E-8270-45B9-9046-431B4ECA9163}.Debug|Any CPU.ActiveCfg = Debug|Any CPU
		{9CD36F9E-8270-45B9-9046-431B4ECA9163}.Debug|Any CPU.Build.0 = Debug|Any CPU
		{9CD36F9E-8270-45B9-9046-431B4ECA9163}.Release|Any CPU.ActiveCfg = Release|Any CPU
		{9CD36F9E-8270-45B9-9046-431B4ECA9163}.Release|Any CPU.Build.0 = Release|Any CPU
	EndGlobalSection
	GlobalSection(SolutionProperties) = preSolution
		HideSolutionNode = FALSE
	EndGlobalSection
	GlobalSection(ExtensibilityGlobals) = postSolution
		SolutionGuid = {A62539D7-73D6-4449-8AA9-726472CFF2F3}
	EndGlobalSection
EndGlobal
